<?xml version="1.0" encoding="utf-8"?>
<Project xmlns="http://schemas.microsoft.com/developer/msbuild/2003" ToolsVersion="4.0">
  <ItemGroup>
    <Filter Include="Header Files">
      <UniqueIdentifier>{4D1BFFCC-9CEB-4ABF-A951-582870FE71FD}</UniqueIdentifier>
      <Extensions>h;hpp;hxx;hm;inl;inc;xsd</Extensions>
    </Filter>
    <Filter Include="Header Files\TouchGFX">
      <UniqueIdentifier>{29C60541-803D-4F43-8683-028D9DA5E0CB}</UniqueIdentifier>
    </Filter>
    <Filter Include="Header Files\TouchGFX\common">
      <UniqueIdentifier>{AF2BF67C-89EC-4545-B0D2-5BD6803628D4}</UniqueIdentifier>
    </Filter>
    <Filter Include="Header Files\TouchGFX\mvp">
      <UniqueIdentifier>{A8F51E02-A400-49F1-AC86-371872A7E5E6}</UniqueIdentifier>
    </Filter>
    <Filter Include="Header Files\TouchGFX\platform">
      <UniqueIdentifier>{493CF637-721C-4516-8638-3EE4790FB455}</UniqueIdentifier>
    </Filter>
    <Filter Include="Header Files\TouchGFX\touchgfx">
      <UniqueIdentifier>{7187028B-6482-4EB3-8556-EECD38E0636B}</UniqueIdentifier>
    </Filter>
    <Filter Include="Header Files\TouchGFX\platform\driver">
      <UniqueIdentifier>{D2E6B448-6B79-434F-A8EB-C8F8415957E9}</UniqueIdentifier>
    </Filter>
    <Filter Include="Header Files\TouchGFX\platform\hal">
      <UniqueIdentifier>{07737357-9365-4A8F-B2F6-908B5FC4E808}</UniqueIdentifier>
    </Filter>
    <Filter Include="Header Files\TouchGFX\touchgfx\canvas_widget_renderer">
      <UniqueIdentifier>{085B248B-6BE1-4BF8-9913-35526BAEE4C7}</UniqueIdentifier>
    </Filter>
    <Filter Include="Header Files\TouchGFX\touchgfx\containers">
      <UniqueIdentifier>{E08C6B18-2F0E-4861-87D5-80FB0411017E}</UniqueIdentifier>
    </Filter>
    <Filter Include="Header Files\TouchGFX\touchgfx\events">
      <UniqueIdentifier>{29D72404-E5CB-472C-B00F-3784DF3CCD1E}</UniqueIdentifier>
    </Filter>
    <Filter Include="Header Files\TouchGFX\touchgfx\hal">
      <UniqueIdentifier>{09561B72-532B-45EB-8E32-CAA31C349F83}</UniqueIdentifier>
    </Filter>
    <Filter Include="Header Files\TouchGFX\touchgfx\lcd">
      <UniqueIdentifier>{A89B6308-CBC1-48EC-BF14-B3C6106FACCE}</UniqueIdentifier>
    </Filter>
    <Filter Include="Header Files\TouchGFX\touchgfx\mixins">
      <UniqueIdentifier>{DB82A963-BE52-4494-BD5E-358C5E79C081}</UniqueIdentifier>
    </Filter>
    <Filter Include="Header Files\TouchGFX\touchgfx\transforms">
      <UniqueIdentifier>{509E01BB-FBF4-4198-B748-936C1B67839A}</UniqueIdentifier>
    </Filter>
    <Filter Include="Header Files\TouchGFX\touchgfx\transitions">
      <UniqueIdentifier>{3F023E56-225A-4D4C-9D20-74447A23BAD9}</UniqueIdentifier>
    </Filter>
    <Filter Include="Header Files\TouchGFX\touchgfx\widgets">
      <UniqueIdentifier>{0E9A8FD3-B71B-46B9-B1F6-3A18292FFAC4}</UniqueIdentifier>
    </Filter>
    <Filter Include="Header Files\TouchGFX\platform\driver\lcd">
      <UniqueIdentifier>{9B32A742-EBA9-4EBA-832E-0421D7E68BC5}</UniqueIdentifier>
    </Filter>
    <Filter Include="Header Files\TouchGFX\platform\driver\touch">
      <UniqueIdentifier>{8C31441B-2191-4B32-869D-7B253AECB28F}</UniqueIdentifier>
    </Filter>
    <Filter Include="Header Files\TouchGFX\platform\hal\simulator">
      <UniqueIdentifier>{464CC9FB-AFF6-4FFA-B4D8-BCAC4B2B8898}</UniqueIdentifier>
    </Filter>
    <Filter Include="Header Files\TouchGFX\touchgfx\containers\clock">
      <UniqueIdentifier>{B7237C13-DD69-4F78-8446-9A554431E3F8}</UniqueIdentifier>
    </Filter>
    <Filter Include="Header Files\TouchGFX\touchgfx\containers\progress_indicators">
      <UniqueIdentifier>{5E0E884F-0059-4306-94BA-3197219750E3}</UniqueIdentifier>
    </Filter>
    <Filter Include="Header Files\TouchGFX\touchgfx\widgets\canvas">
      <UniqueIdentifier>{DBFF640A-BD63-40BC-A0A5-2468BC461037}</UniqueIdentifier>
    </Filter>
    <Filter Include="Header Files\TouchGFX\platform\hal\simulator\sdl2">
      <UniqueIdentifier>{EA3962C0-553C-4CFD-A89B-A116A9493818}</UniqueIdentifier>
    </Filter>
    <Filter Include="Header Files\generated">
      <UniqueIdentifier>{29C60541-803D-4F44-8783-028D9DA5E0CC}</UniqueIdentifier>
    </Filter>
    <Filter Include="Header Files\generated\simulator">
      <UniqueIdentifier>{29C60541-803D-4F43-8683-028D9DA5E0CC}</UniqueIdentifier>
    </Filter>
    <Filter Include="Resource Files">
      <UniqueIdentifier>{92BBFF14-FBDB-4755-BA47-A830D863D92B}</UniqueIdentifier>
      <Extensions>rc;ico;cur;bmp;dlg;rc2;rct;bin;rgs;gif;jpg;jpeg;jpe;resx;tiff;tif;ttf;otf;bdf;png;wav;xml;props;mfcribbon-ms</Extensions>
    </Filter>
    <Filter Include="Resource Files\assets">
      <UniqueIdentifier>{AF899B0F-78BE-47F9-A912-E92CB9156E40}</UniqueIdentifier>
    </Filter>
    <Filter Include="Resource Files\config">
      <UniqueIdentifier>{29E8A9F8-6504-4625-AB47-671A3F665E51}</UniqueIdentifier>
    </Filter>
    <Filter Include="Resource Files\assets\texts">
      <UniqueIdentifier>{382278FD-2B19-4E89-AE4F-24AF77E7A270}</UniqueIdentifier>
    </Filter>
    <Filter Include="Resource Files\config\msvs">
      <UniqueIdentifier>{C24EAEDB-9A3F-43DC-87FB-C7AC2729A078}</UniqueIdentifier>
    </Filter>
    <Filter Include="Source Files">
      <UniqueIdentifier>{2F3FC0AA-97C4-4366-9939-94A0FF4E028C}</UniqueIdentifier>
      <Extensions>cpp;c;cc;cxx;def;odl;idl;hpj;bat;asm;asmx</Extensions>
    </Filter>
    <Filter Include="Source Files\TouchGFX">
      <UniqueIdentifier>{C07B02A9-A55E-47AA-AD61-59A6AAD754E6}</UniqueIdentifier>
    </Filter>
    <Filter Include="Source Files\TouchGFX\platform">
      <UniqueIdentifier>{33EDC2DB-AF72-480C-92E5-2A2833BCAB6F}</UniqueIdentifier>
    </Filter>
    <Filter Include="Source Files\TouchGFX\platform\driver">
      <UniqueIdentifier>{1D8EFD90-430A-4539-9080-16A38861D20A}</UniqueIdentifier>
    </Filter>
    <Filter Include="Source Files\TouchGFX\platform\hal">
      <UniqueIdentifier>{E8DECBF2-0C8E-4397-8603-3101D6F922D6}</UniqueIdentifier>
    </Filter>
    <Filter Include="Source Files\TouchGFX\platform\driver\touch">
      <UniqueIdentifier>{40F0D55D-79D9-488A-AF83-ADC96179EADF}</UniqueIdentifier>
    </Filter>
    <Filter Include="Source Files\TouchGFX\platform\hal\simulator">
      <UniqueIdentifier>{3FB50DD5-31DA-4042-B7FD-2151C58CDA80}</UniqueIdentifier>
    </Filter>
    <Filter Include="Source Files\TouchGFX\platform\hal\simulator\sdl2">
      <UniqueIdentifier>{B48CB42B-0F9E-4815-BFE1-1ACC1150ED8A}</UniqueIdentifier>
    </Filter>
    <Filter Include="Source Files\simulator">
      <UniqueIdentifier>{C07B03A9-A55E-47AA-AD61-59A6AAD754E6}</UniqueIdentifier>
    </Filter>
    <Filter Include="Source Files\generated">
      <UniqueIdentifier>{C07B02B9-A55E-47AB-AD61-59A6AAD754E6}</UniqueIdentifier>
    </Filter>
    <Filter Include="Source Files\generated\simulator">
      <UniqueIdentifier>{C07B02B9-A55E-47AA-AD61-59A6AAD754E6}</UniqueIdentifier>
    </Filter>
    <Filter Include="Source Files\gui">
      <UniqueIdentifier>99FC872C-9C87-01DE-ADD3-557A23F16027</UniqueIdentifier>
    </Filter>
    <Filter Include="Header Files\gui">
      <UniqueIdentifier>9D076A0F-5E50-5404-5F2A-61F5208FE637</UniqueIdentifier>
    </Filter>
    <Filter Include="Header Files\generated\gui_generated">
      <UniqueIdentifier>8C009980-3B13-CFDD-8979-0F6B9ECBA175</UniqueIdentifier>
    </Filter>
    <Filter Include="Source Files\generated\gui_generated">
      <UniqueIdentifier>00B868AF-17E6-5488-124A-872B7450C6F2</UniqueIdentifier>
    </Filter>
    <Filter Include="Header Files\gui\common">
      <UniqueIdentifier>4DEBA83E-0CDA-642F-56CB-0B09BAD848CC</UniqueIdentifier>
    </Filter>
    <Filter Include="Header Files\gui\model">
      <UniqueIdentifier>9C99EC7C-5064-D862-E481-A1502B01708D</UniqueIdentifier>
    </Filter>
    <Filter Include="Source Files\gui\common">
      <UniqueIdentifier>F6E93557-38B7-9891-35B4-6E2D858E8BDC</UniqueIdentifier>
    </Filter>
    <Filter Include="Source Files\gui\model">
      <UniqueIdentifier>C94C1266-16D1-906D-C6F8-72E901CA89D0</UniqueIdentifier>
    </Filter>
    <Filter Include="Header Files\generated\gui_generated\common">
      <UniqueIdentifier>9F03BC5B-A4C3-7268-E49A-60B6E49C6499</UniqueIdentifier>
    </Filter>
    <Filter Include="Header Files\generated\simulator\include">
      <UniqueIdentifier>988BAB71-9E2A-9489-7878-3609310CF5F6</UniqueIdentifier>
    </Filter>
    <Filter Include="Source Files\generated\gui_generated\common">
      <UniqueIdentifier>72EA80C9-69A2-6236-4DC0-AD5FEB473D83</UniqueIdentifier>
    </Filter>
    <Filter Include="Source Files\generated\simulator\video">
      <UniqueIdentifier>6F188D25-1BCF-BA95-467E-075C6E861D33</UniqueIdentifier>
    </Filter>
    <Filter Include="Header Files\generated\simulator\include\simulator">
      <UniqueIdentifier>04638F01-24FF-DD95-7E26-4E32158716ED</UniqueIdentifier>
    </Filter>
    <Filter Include="Header Files\generated\simulator\include\simulator\video">
      <UniqueIdentifier>1459D3AB-514F-8290-A5D4-AE54C601D732</UniqueIdentifier>
    </Filter>
    <Filter Include="Header Files\gui\startscreen_screen">
      <UniqueIdentifier>C580DE4D-3AD0-009E-F2C8-15C907249540</UniqueIdentifier>
    </Filter>
    <Filter Include="Header Files\gui\mediumscreen_screen">
      <UniqueIdentifier>469D3879-637C-1A5D-3F71-45B730204EBE</UniqueIdentifier>
    </Filter>
    <Filter Include="Source Files\gui\mediumscreen_screen">
      <UniqueIdentifier>85725A7C-BC6D-5741-5888-6BA7B75D64CD</UniqueIdentifier>
    </Filter>
    <Filter Include="Header Files\gui\endscreen_screen">
      <UniqueIdentifier>F9F03E67-C583-F73D-9D0B-8A849C46B00C</UniqueIdentifier>
    </Filter>
    <Filter Include="Source Files\gui\endscreen_screen">
      <UniqueIdentifier>01FCB726-47A5-5A76-75C7-949910754926</UniqueIdentifier>
    </Filter>
    <Filter Include="Source Files\gui\startscreen_screen">
      <UniqueIdentifier>D4DBC980-3F6C-B9BE-74AA-DD96A7994DFA</UniqueIdentifier>
    </Filter>
    <Filter Include="Header Files\gui\easyscreen_screen">
      <UniqueIdentifier>B9224210-FD6F-BDC1-8706-2D6C4096239F</UniqueIdentifier>
    </Filter>
    <Filter Include="Source Files\gui\easyscreen_screen">
      <UniqueIdentifier>0A7C41FA-7E08-C71C-45EE-D1EB507F766A</UniqueIdentifier>
    </Filter>
    <Filter Include="Source Files\generated\gui_generated\startscreen_screen">
      <UniqueIdentifier>26D3AFE1-F15B-89AA-94FD-9B8640CBB4B3</UniqueIdentifier>
    </Filter>
    <Filter Include="Source Files\generated\gui_generated\easyscreen_screen">
      <UniqueIdentifier>3C0F61E3-4C43-B736-BBB2-680790331BBC</UniqueIdentifier>
    </Filter>
    <Filter Include="Header Files\generated\gui_generated\easyscreen_screen">
      <UniqueIdentifier>CB8F04EE-ED07-3338-5112-C91931640242</UniqueIdentifier>
    </Filter>
    <Filter Include="Header Files\generated\gui_generated\mediumscreen_screen">
      <UniqueIdentifier>83D2356B-4F18-6FC5-3A81-0986C4ABEF92</UniqueIdentifier>
    </Filter>
    <Filter Include="Source Files\generated\gui_generated\mediumscreen_screen">
      <UniqueIdentifier>1AD13689-BE47-A35F-B81C-71E956C30E9D</UniqueIdentifier>
    </Filter>
    <Filter Include="Header Files\generated\gui_generated\endscreen_screen">
      <UniqueIdentifier>C731A6A5-9DEB-5BFA-8E63-10E087112D92</UniqueIdentifier>
    </Filter>
    <Filter Include="Source Files\generated\gui_generated\endscreen_screen">
      <UniqueIdentifier>B67CB770-D63E-B130-9404-42018193860E</UniqueIdentifier>
    </Filter>
    <Filter Include="Header Files\generated\gui_generated\startscreen_screen">
      <UniqueIdentifier>C8299CCE-7E97-9635-A410-5E1909B73FD7</UniqueIdentifier>
    </Filter>
    <Filter Include="Header Files\gui\hardscreen_screen">
      <UniqueIdentifier>8AA6348C-3311-19BF-6CA6-C0DCE925D72B</UniqueIdentifier>
    </Filter>
    <Filter Include="Source Files\gui\hardscreen_screen">
      <UniqueIdentifier>70CC8D7C-EEE5-7224-0162-061D5F1BB0C6</UniqueIdentifier>
    </Filter>
    <Filter Include="Source Files\generated\gui_generated\hardscreen_screen">
      <UniqueIdentifier>CDF01661-78C6-42A7-D947-BCF76824027A</UniqueIdentifier>
    </Filter>
    <Filter Include="Header Files\generated\gui_generated\hardscreen_screen">
      <UniqueIdentifier>0FD0366A-12A2-7AC4-9A8F-AD5EADC710AA</UniqueIdentifier>
    </Filter>
    <Filter Include="Source Files\gui\easyreadyscreen_screen">
      <UniqueIdentifier>947D5EE5-2A30-6C31-87C2-A784363CAB37</UniqueIdentifier>
    </Filter>
    <Filter Include="Source Files\gui\mediumreadyscreen_screen">
      <UniqueIdentifier>D47D37D3-54B3-EB19-C6F3-6AA9E4299FC4</UniqueIdentifier>
    </Filter>
    <Filter Include="Header Files\gui\mediumreadyscreen_screen">
      <UniqueIdentifier>24FEC54A-7466-FE28-B270-3F7DF5F93796</UniqueIdentifier>
    </Filter>
    <Filter Include="Header Files\gui\easyreadyscreen_screen">
      <UniqueIdentifier>53ABAD66-6EDD-8E09-6CF0-8BAAEBF5A2A4</UniqueIdentifier>
    </Filter>
    <Filter Include="Header Files\gui\hardreadyscreen_screen">
      <UniqueIdentifier>4163314A-14C7-82FF-93E7-41B60C6041DB</UniqueIdentifier>
    </Filter>
    <Filter Include="Source Files\gui\hardreadyscreen_screen">
      <UniqueIdentifier>0941B8F1-7C51-2F65-CBC1-CA83C3454F05</UniqueIdentifier>
    </Filter>
    <Filter Include="Header Files\generated\gui_generated\easyreadyscreen_screen">
      <UniqueIdentifier>2B6633E6-500E-4B83-3F29-5BF3C6D054DA</UniqueIdentifier>
    </Filter>
    <Filter Include="Source Files\generated\gui_generated\easyreadyscreen_screen">
      <UniqueIdentifier>D73614E4-9E89-D013-FD76-A6E9B0D833DC</UniqueIdentifier>
    </Filter>
    <Filter Include="Header Files\generated\gui_generated\mediumreadyscreen_screen">
      <UniqueIdentifier>7D9CD913-8D55-30E5-EBED-CEFBDD327A43</UniqueIdentifier>
    </Filter>
    <Filter Include="Source Files\generated\gui_generated\mediumreadyscreen_screen">
      <UniqueIdentifier>C1D51123-B134-993E-6F5D-CAF3A86EBABA</UniqueIdentifier>
    </Filter>
    <Filter Include="Source Files\generated\gui_generated\hardreadyscreen_screen">
      <UniqueIdentifier>431FDE34-C14A-15D6-1439-58DC03F76C87</UniqueIdentifier>
    </Filter>
    <Filter Include="Header Files\generated\gui_generated\hardreadyscreen_screen">
      <UniqueIdentifier>A93A7E27-C3BB-7CD4-4488-C13CBD57205A</UniqueIdentifier>
    </Filter>
  </ItemGroup>
  <ItemGroup>
    <ClCompile Include="$(TouchGFXReleasePath)\framework\source\platform\driver\touch\SDL2TouchController.cpp">
      <Filter>Source Files\TouchGFX\platform\driver\touch</Filter>
    </ClCompile>
    <ClCompile Include="$(TouchGFXReleasePath)\framework\source\platform\hal\simulator\sdl2\HALSDL2.cpp">
      <Filter>Source Files\TouchGFX\platform\hal\simulator\sdl2</Filter>
    </ClCompile>
    <ClCompile Include="$(TouchGFXReleasePath)\framework\source\platform\hal\simulator\sdl2\HALSDL2_icon.cpp">
      <Filter>Source Files\TouchGFX\platform\hal\simulator\sdl2</Filter>
    </ClCompile>
    <ClCompile Include="$(TouchGFXReleasePath)\framework\source\platform\hal\simulator\sdl2\OSWrappers.cpp">
      <Filter>Source Files\TouchGFX\platform\hal\simulator\sdl2</Filter>
    </ClCompile>
    <ClCompile Include="$(ApplicationRoot)\simulator\main.cpp">
      <Filter>Source Files\simulator</Filter>
    </ClCompile>
    <ClCompile Include="$(ApplicationRoot)\generated\simulator\src\mainBase.cpp">
      <Filter>Source Files\generated\simulator</Filter>
    </ClCompile>
    <ClCompile Include="..\..\gui\src\common\FrontendApplication.cpp">
      <Filter>Source Files\gui\common</Filter>
    </ClCompile>
    <ClCompile Include="..\..\generated\gui_generated\src\common\FrontendApplicationBase.cpp">
      <Filter>Source Files\generated\gui_generated\common</Filter>
    </ClCompile>
    <ClCompile Include="..\..\gui\src\model\Model.cpp">
      <Filter>Source Files\gui\model</Filter>
    </ClCompile>
    <ClCompile Include="..\..\generated\simulator\src\video\SoftwareMJPEGDecoder.cpp">
      <Filter>Source Files\generated\simulator\video</Filter>
    </ClCompile>
    <ClCompile Include="..\..\gui\src\easyscreen_screen\EasyScreenPresenter.cpp">
      <Filter>Source Files\gui\easyscreen_screen</Filter>
    </ClCompile>
    <ClCompile Include="..\..\gui\src\easyscreen_screen\EasyScreenView.cpp">
      <Filter>Source Files\gui\easyscreen_screen</Filter>
    </ClCompile>
    <ClCompile Include="..\..\generated\gui_generated\src\easyscreen_screen\EasyScreenViewBase.cpp">
      <Filter>Source Files\generated\gui_generated\easyscreen_screen</Filter>
    </ClCompile>
    <ClCompile Include="..\..\gui\src\endscreen_screen\EndScreenPresenter.cpp">
      <Filter>Source Files\gui\endscreen_screen</Filter>
    </ClCompile>
    <ClCompile Include="..\..\gui\src\endscreen_screen\EndScreenView.cpp">
      <Filter>Source Files\gui\endscreen_screen</Filter>
    </ClCompile>
    <ClCompile Include="..\..\generated\gui_generated\src\endscreen_screen\EndScreenViewBase.cpp">
      <Filter>Source Files\generated\gui_generated\endscreen_screen</Filter>
    </ClCompile>
    <ClCompile Include="..\..\gui\src\mediumscreen_screen\MediumScreenPresenter.cpp">
      <Filter>Source Files\gui\mediumscreen_screen</Filter>
    </ClCompile>
    <ClCompile Include="..\..\gui\src\mediumscreen_screen\MediumScreenView.cpp">
      <Filter>Source Files\gui\mediumscreen_screen</Filter>
    </ClCompile>
    <ClCompile Include="..\..\generated\gui_generated\src\mediumscreen_screen\MediumScreenViewBase.cpp">
      <Filter>Source Files\generated\gui_generated\mediumscreen_screen</Filter>
    </ClCompile>
    <ClCompile Include="..\..\gui\src\startscreen_screen\StartScreenPresenter.cpp">
      <Filter>Source Files\gui\startscreen_screen</Filter>
    </ClCompile>
    <ClCompile Include="..\..\gui\src\startscreen_screen\StartScreenView.cpp">
      <Filter>Source Files\gui\startscreen_screen</Filter>
    </ClCompile>
    <ClCompile Include="..\..\generated\gui_generated\src\startscreen_screen\StartScreenViewBase.cpp">
      <Filter>Source Files\generated\gui_generated\startscreen_screen</Filter>
    </ClCompile>
    <ClCompile Include="..\..\gui\src\hardscreen_screen\HardScreenPresenter.cpp">
      <Filter>Source Files\gui\hardscreen_screen</Filter>
    </ClCompile>
    <ClCompile Include="..\..\gui\src\hardscreen_screen\HardScreenView.cpp">
      <Filter>Source Files\gui\hardscreen_screen</Filter>
    </ClCompile>
    <ClCompile Include="..\..\generated\gui_generated\src\hardscreen_screen\HardScreenViewBase.cpp">
      <Filter>Source Files\generated\gui_generated\hardscreen_screen</Filter>
    </ClCompile>
    <ClCompile Include="..\..\gui\src\easyreadyscreen_screen\EasyReadyScreenPresenter.cpp">
      <Filter>Source Files\gui\easyreadyscreen_screen</Filter>
    </ClCompile>
    <ClCompile Include="..\..\gui\src\easyreadyscreen_screen\EasyReadyScreenView.cpp">
      <Filter>Source Files\gui\easyreadyscreen_screen</Filter>
    </ClCompile>
    <ClCompile Include="..\..\generated\gui_generated\src\easyreadyscreen_screen\EasyReadyScreenViewBase.cpp">
      <Filter>Source Files\generated\gui_generated\easyreadyscreen_screen</Filter>
    </ClCompile>
    <ClCompile Include="..\..\gui\src\hardreadyscreen_screen\HardReadyScreenPresenter.cpp">
      <Filter>Source Files\gui\hardreadyscreen_screen</Filter>
    </ClCompile>
    <ClCompile Include="..\..\gui\src\hardreadyscreen_screen\HardReadyScreenView.cpp">
      <Filter>Source Files\gui\hardreadyscreen_screen</Filter>
    </ClCompile>
    <ClCompile Include="..\..\generated\gui_generated\src\hardreadyscreen_screen\HardReadyScreenViewBase.cpp">
      <Filter>Source Files\generated\gui_generated\hardreadyscreen_screen</Filter>
    </ClCompile>
    <ClCompile Include="..\..\gui\src\mediumreadyscreen_screen\MediumReadyScreenPresenter.cpp">
      <Filter>Source Files\gui\mediumreadyscreen_screen</Filter>
    </ClCompile>
    <ClCompile Include="..\..\gui\src\mediumreadyscreen_screen\MediumReadyScreenView.cpp">
      <Filter>Source Files\gui\mediumreadyscreen_screen</Filter>
    </ClCompile>
    <ClCompile Include="..\..\generated\gui_generated\src\mediumreadyscreen_screen\MediumReadyScreenViewBase.cpp">
      <Filter>Source Files\generated\gui_generated\mediumreadyscreen_screen</Filter>
    </ClCompile>
  </ItemGroup>
  <ItemGroup>
    <None Include="$(ApplicationRoot)\assets\texts\texts.xml">
      <Filter>Resource Files\assets\texts</Filter>
    </None>
    <None Include="$(ApplicationRoot)\config\msvs\Application.props">
      <Filter>Resource Files\config\msvs</Filter>
    </None>
  </ItemGroup>
  <ItemGroup>
    <ClInclude Include="$(TouchGFXReleasePath)\framework\include\common\AbstractPartition.hpp">
      <Filter>Header Files\TouchGFX\common</Filter>
    </ClInclude>
    <ClInclude Include="$(TouchGFXReleasePath)\framework\include\common\Meta.hpp">
      <Filter>Header Files\TouchGFX\common</Filter>
    </ClInclude>
    <ClInclude Include="$(TouchGFXReleasePath)\framework\include\common\Partition.hpp">
      <Filter>Header Files\TouchGFX\common</Filter>
    </ClInclude>
    <ClInclude Include="$(TouchGFXReleasePath)\framework\include\common\TouchGFXInit.hpp">
      <Filter>Header Files\TouchGFX\common</Filter>
    </ClInclude>
    <ClInclude Include="$(TouchGFXReleasePath)\framework\include\mvp\MVPApplication.hpp">
      <Filter>Header Files\TouchGFX\mvp</Filter>
    </ClInclude>
    <ClInclude Include="$(TouchGFXReleasePath)\framework\include\mvp\MVPHeap.hpp">
      <Filter>Header Files\TouchGFX\mvp</Filter>
    </ClInclude>
    <ClInclude Include="$(TouchGFXReleasePath)\framework\include\mvp\Presenter.hpp">
      <Filter>Header Files\TouchGFX\mvp</Filter>
    </ClInclude>
    <ClInclude Include="$(TouchGFXReleasePath)\framework\include\mvp\View.hpp">
      <Filter>Header Files\TouchGFX\mvp</Filter>
    </ClInclude>
    <ClInclude Include="$(TouchGFXReleasePath)\framework\include\platform\driver\lcd\LCD16bpp.hpp">
      <Filter>Header Files\TouchGFX\platform\driver\lcd</Filter>
    </ClInclude>
    <ClInclude Include="$(TouchGFXReleasePath)\framework\include\platform\driver\lcd\LCD1bpp.hpp">
      <Filter>Header Files\TouchGFX\platform\driver\lcd</Filter>
    </ClInclude>
    <ClInclude Include="$(TouchGFXReleasePath)\framework\include\platform\driver\lcd\LCD24bpp.hpp">
      <Filter>Header Files\TouchGFX\platform\driver\lcd</Filter>
    </ClInclude>
    <ClInclude Include="$(TouchGFXReleasePath)\framework\include\platform\driver\lcd\LCD2bpp.hpp">
      <Filter>Header Files\TouchGFX\platform\driver\lcd</Filter>
    </ClInclude>
    <ClInclude Include="$(TouchGFXReleasePath)\framework\include\platform\driver\lcd\LCD4bpp.hpp">
      <Filter>Header Files\TouchGFX\platform\driver\lcd</Filter>
    </ClInclude>
    <ClInclude Include="$(TouchGFXReleasePath)\framework\include\platform\driver\touch\SDL2TouchController.hpp">
      <Filter>Header Files\TouchGFX\platform\driver\touch</Filter>
    </ClInclude>
    <ClInclude Include="$(TouchGFXReleasePath)\framework\include\platform\hal\simulator\sdl2\HALSDL2.hpp">
      <Filter>Header Files\TouchGFX\platform\hal\simulator\sdl2</Filter>
    </ClInclude>
    <ClInclude Include="$(TouchGFXReleasePath)\framework\include\touchgfx\Application.hpp">
      <Filter>Header Files\TouchGFX\touchgfx</Filter>
    </ClInclude>
    <ClInclude Include="$(TouchGFXReleasePath)\framework\include\touchgfx\Bitmap.hpp">
      <Filter>Header Files\TouchGFX\touchgfx</Filter>
    </ClInclude>
    <ClInclude Include="$(TouchGFXReleasePath)\framework\include\touchgfx\Callback.hpp">
      <Filter>Header Files\TouchGFX\touchgfx</Filter>
    </ClInclude>
    <ClInclude Include="$(TouchGFXReleasePath)\framework\include\touchgfx\canvas_widget_renderer\CanvasWidgetRenderer.hpp">
      <Filter>Header Files\TouchGFX\touchgfx\canvas_widget_renderer</Filter>
    </ClInclude>
    <ClInclude Include="$(TouchGFXReleasePath)\framework\include\touchgfx\canvas_widget_renderer\Cell.hpp">
      <Filter>Header Files\TouchGFX\touchgfx\canvas_widget_renderer</Filter>
    </ClInclude>
    <ClInclude Include="$(TouchGFXReleasePath)\framework\include\touchgfx\canvas_widget_renderer\Outline.hpp">
      <Filter>Header Files\TouchGFX\touchgfx\canvas_widget_renderer</Filter>
    </ClInclude>
    <ClInclude Include="$(TouchGFXReleasePath)\framework\include\touchgfx\canvas_widget_renderer\Rasterizer.hpp">
      <Filter>Header Files\TouchGFX\touchgfx\canvas_widget_renderer</Filter>
    </ClInclude>
    <ClInclude Include="$(TouchGFXReleasePath)\framework\include\touchgfx\canvas_widget_renderer\Renderer.hpp">
      <Filter>Header Files\TouchGFX\touchgfx\canvas_widget_renderer</Filter>
    </ClInclude>
    <ClInclude Include="$(TouchGFXReleasePath)\framework\include\touchgfx\canvas_widget_renderer\RenderingBuffer.hpp">
      <Filter>Header Files\TouchGFX\touchgfx\canvas_widget_renderer</Filter>
    </ClInclude>
    <ClInclude Include="$(TouchGFXReleasePath)\framework\include\touchgfx\canvas_widget_renderer\RGBA8.hpp">
      <Filter>Header Files\TouchGFX\touchgfx\canvas_widget_renderer</Filter>
    </ClInclude>
    <ClInclude Include="$(TouchGFXReleasePath)\framework\include\touchgfx\canvas_widget_renderer\Scanline.hpp">
      <Filter>Header Files\TouchGFX\touchgfx\canvas_widget_renderer</Filter>
    </ClInclude>
    <ClInclude Include="$(TouchGFXReleasePath)\framework\include\touchgfx\Color.hpp">
      <Filter>Header Files\TouchGFX\touchgfx</Filter>
    </ClInclude>
    <ClInclude Include="$(TouchGFXReleasePath)\framework\include\touchgfx\ConstFont.hpp">
      <Filter>Header Files\TouchGFX\touchgfx</Filter>
    </ClInclude>
    <ClInclude Include="$(TouchGFXReleasePath)\framework\include\touchgfx\containers\clock\AbstractClock.hpp">
      <Filter>Header Files\TouchGFX\touchgfx\containers\clock</Filter>
    </ClInclude>
    <ClInclude Include="$(TouchGFXReleasePath)\framework\include\touchgfx\containers\clock\AnalogClock.hpp">
      <Filter>Header Files\TouchGFX\touchgfx\containers\clock</Filter>
    </ClInclude>
    <ClInclude Include="$(TouchGFXReleasePath)\framework\include\touchgfx\containers\clock\DigitalClock.hpp">
      <Filter>Header Files\TouchGFX\touchgfx\containers\clock</Filter>
    </ClInclude>
    <ClInclude Include="$(TouchGFXReleasePath)\framework\include\touchgfx\containers\Container.hpp">
      <Filter>Header Files\TouchGFX\touchgfx\containers</Filter>
    </ClInclude>
    <ClInclude Include="$(TouchGFXReleasePath)\framework\include\touchgfx\containers\ListLayout.hpp">
      <Filter>Header Files\TouchGFX\touchgfx\containers</Filter>
    </ClInclude>
    <ClInclude Include="$(TouchGFXReleasePath)\framework\include\touchgfx\containers\ModalWindow.hpp">
      <Filter>Header Files\TouchGFX\touchgfx\containers</Filter>
    </ClInclude>
    <ClInclude Include="$(TouchGFXReleasePath)\framework\include\touchgfx\containers\progress_indicators\AbstractDirectionProgress.hpp">
      <Filter>Header Files\TouchGFX\touchgfx\containers\progress_indicators</Filter>
    </ClInclude>
    <ClInclude Include="$(TouchGFXReleasePath)\framework\include\touchgfx\containers\progress_indicators\AbstractProgressIndicator.hpp">
      <Filter>Header Files\TouchGFX\touchgfx\containers\progress_indicators</Filter>
    </ClInclude>
    <ClInclude Include="$(TouchGFXReleasePath)\framework\include\touchgfx\containers\progress_indicators\BoxProgress.hpp">
      <Filter>Header Files\TouchGFX\touchgfx\containers\progress_indicators</Filter>
    </ClInclude>
    <ClInclude Include="$(TouchGFXReleasePath)\framework\include\touchgfx\containers\progress_indicators\CircleProgress.hpp">
      <Filter>Header Files\TouchGFX\touchgfx\containers\progress_indicators</Filter>
    </ClInclude>
    <ClInclude Include="$(TouchGFXReleasePath)\framework\include\touchgfx\containers\progress_indicators\ImageProgress.hpp">
      <Filter>Header Files\TouchGFX\touchgfx\containers\progress_indicators</Filter>
    </ClInclude>
    <ClInclude Include="$(TouchGFXReleasePath)\framework\include\touchgfx\containers\progress_indicators\LineProgress.hpp">
      <Filter>Header Files\TouchGFX\touchgfx\containers\progress_indicators</Filter>
    </ClInclude>
    <ClInclude Include="$(TouchGFXReleasePath)\framework\include\touchgfx\containers\progress_indicators\TextProgress.hpp">
      <Filter>Header Files\TouchGFX\touchgfx\containers\progress_indicators</Filter>
    </ClInclude>
    <ClInclude Include="$(TouchGFXReleasePath)\framework\include\touchgfx\containers\ScrollableContainer.hpp">
      <Filter>Header Files\TouchGFX\touchgfx\containers</Filter>
    </ClInclude>
    <ClInclude Include="$(TouchGFXReleasePath)\framework\include\touchgfx\containers\SlideMenu.hpp">
      <Filter>Header Files\TouchGFX\touchgfx\containers</Filter>
    </ClInclude>
    <ClInclude Include="$(TouchGFXReleasePath)\framework\include\touchgfx\containers\Slider.hpp">
      <Filter>Header Files\TouchGFX\touchgfx\containers</Filter>
    </ClInclude>
    <ClInclude Include="$(TouchGFXReleasePath)\framework\include\touchgfx\containers\ZoomAnimationImage.hpp">
      <Filter>Header Files\TouchGFX\touchgfx\containers</Filter>
    </ClInclude>
    <ClInclude Include="$(TouchGFXReleasePath)\framework\include\touchgfx\Drawable.hpp">
      <Filter>Header Files\TouchGFX\touchgfx</Filter>
    </ClInclude>
    <ClInclude Include="$(TouchGFXReleasePath)\framework\include\touchgfx\EasingEquations.hpp">
      <Filter>Header Files\TouchGFX\touchgfx</Filter>
    </ClInclude>
    <ClInclude Include="$(TouchGFXReleasePath)\framework\include\touchgfx\Event.hpp">
      <Filter>Header Files\TouchGFX\touchgfx</Filter>
    </ClInclude>
    <ClInclude Include="$(TouchGFXReleasePath)\framework\include\touchgfx\events\ClickEvent.hpp">
      <Filter>Header Files\TouchGFX\touchgfx\events</Filter>
    </ClInclude>
    <ClInclude Include="$(TouchGFXReleasePath)\framework\include\touchgfx\events\DragEvent.hpp">
      <Filter>Header Files\TouchGFX\touchgfx\events</Filter>
    </ClInclude>
    <ClInclude Include="$(TouchGFXReleasePath)\framework\include\touchgfx\events\GestureEvent.hpp">
      <Filter>Header Files\TouchGFX\touchgfx\events</Filter>
    </ClInclude>
    <ClInclude Include="$(TouchGFXReleasePath)\framework\include\touchgfx\Font.hpp">
      <Filter>Header Files\TouchGFX\touchgfx</Filter>
    </ClInclude>
    <ClInclude Include="$(TouchGFXReleasePath)\framework\include\touchgfx\FontManager.hpp">
      <Filter>Header Files\TouchGFX\touchgfx</Filter>
    </ClInclude>
    <ClInclude Include="$(TouchGFXReleasePath)\framework\include\touchgfx\hal\Atomic.hpp">
      <Filter>Header Files\TouchGFX\touchgfx\hal</Filter>
    </ClInclude>
    <ClInclude Include="$(TouchGFXReleasePath)\framework\include\touchgfx\hal\BlitOp.hpp">
      <Filter>Header Files\TouchGFX\touchgfx\hal</Filter>
    </ClInclude>
    <ClInclude Include="$(TouchGFXReleasePath)\framework\include\touchgfx\hal\BoardConfiguration.hpp">
      <Filter>Header Files\TouchGFX\touchgfx\hal</Filter>
    </ClInclude>
    <ClInclude Include="$(TouchGFXReleasePath)\framework\include\touchgfx\hal\Buttons.hpp">
      <Filter>Header Files\TouchGFX\touchgfx\hal</Filter>
    </ClInclude>
    <ClInclude Include="$(TouchGFXReleasePath)\framework\include\touchgfx\hal\Config.hpp">
      <Filter>Header Files\TouchGFX\touchgfx\hal</Filter>
    </ClInclude>
    <ClInclude Include="$(TouchGFXReleasePath)\framework\include\touchgfx\hal\DMA.hpp">
      <Filter>Header Files\TouchGFX\touchgfx\hal</Filter>
    </ClInclude>
    <ClInclude Include="$(TouchGFXReleasePath)\framework\include\touchgfx\hal\Gestures.hpp">
      <Filter>Header Files\TouchGFX\touchgfx\hal</Filter>
    </ClInclude>
    <ClInclude Include="$(TouchGFXReleasePath)\framework\include\touchgfx\hal\GPIO.hpp">
      <Filter>Header Files\TouchGFX\touchgfx\hal</Filter>
    </ClInclude>
    <ClInclude Include="$(TouchGFXReleasePath)\framework\include\touchgfx\hal\HAL.hpp">
      <Filter>Header Files\TouchGFX\touchgfx\hal</Filter>
    </ClInclude>
    <ClInclude Include="$(TouchGFXReleasePath)\framework\include\touchgfx\hal\LED.hpp">
      <Filter>Header Files\TouchGFX\touchgfx\hal</Filter>
    </ClInclude>
    <ClInclude Include="$(TouchGFXReleasePath)\framework\include\touchgfx\hal\NoDMA.hpp">
      <Filter>Header Files\TouchGFX\touchgfx\hal</Filter>
    </ClInclude>
    <ClInclude Include="$(TouchGFXReleasePath)\framework\include\touchgfx\hal\OSWrappers.hpp">
      <Filter>Header Files\TouchGFX\touchgfx\hal</Filter>
    </ClInclude>
    <ClInclude Include="$(TouchGFXReleasePath)\framework\include\touchgfx\hal\Types.hpp">
      <Filter>Header Files\TouchGFX\touchgfx\hal</Filter>
    </ClInclude>
    <ClInclude Include="$(TouchGFXReleasePath)\framework\include\touchgfx\InternalFlashFont.hpp">
      <Filter>Header Files\TouchGFX\touchgfx</Filter>
    </ClInclude>
    <ClInclude Include="$(TouchGFXReleasePath)\framework\include\touchgfx\JSMOCHelper.hpp">
      <Filter>Header Files\TouchGFX\touchgfx</Filter>
    </ClInclude>
    <ClInclude Include="$(TouchGFXReleasePath)\framework\include\touchgfx\lcd\LCD.hpp">
      <Filter>Header Files\TouchGFX\touchgfx\lcd</Filter>
    </ClInclude>
    <ClInclude Include="$(TouchGFXReleasePath)\framework\include\touchgfx\Math3D.hpp">
      <Filter>Header Files\TouchGFX\touchgfx</Filter>
    </ClInclude>
    <ClInclude Include="$(TouchGFXReleasePath)\framework\include\touchgfx\mixins\ClickListener.hpp">
      <Filter>Header Files\TouchGFX\touchgfx\mixins</Filter>
    </ClInclude>
    <ClInclude Include="$(TouchGFXReleasePath)\framework\include\touchgfx\mixins\Draggable.hpp">
      <Filter>Header Files\TouchGFX\touchgfx\mixins</Filter>
    </ClInclude>
    <ClInclude Include="$(TouchGFXReleasePath)\framework\include\touchgfx\mixins\FadeAnimator.hpp">
      <Filter>Header Files\TouchGFX\touchgfx\mixins</Filter>
    </ClInclude>
    <ClInclude Include="$(TouchGFXReleasePath)\framework\include\touchgfx\mixins\MoveAnimator.hpp">
      <Filter>Header Files\TouchGFX\touchgfx\mixins</Filter>
    </ClInclude>
    <ClInclude Include="$(TouchGFXReleasePath)\framework\include\touchgfx\mixins\PreRenderable.hpp">
      <Filter>Header Files\TouchGFX\touchgfx\mixins</Filter>
    </ClInclude>
    <ClInclude Include="$(TouchGFXReleasePath)\framework\include\touchgfx\mixins\Snapper.hpp">
      <Filter>Header Files\TouchGFX\touchgfx\mixins</Filter>
    </ClInclude>
    <ClInclude Include="$(TouchGFXReleasePath)\framework\include\touchgfx\Screen.hpp">
      <Filter>Header Files\TouchGFX\touchgfx</Filter>
    </ClInclude>
    <ClInclude Include="$(TouchGFXReleasePath)\framework\include\touchgfx\TextProvider.hpp">
      <Filter>Header Files\TouchGFX\touchgfx</Filter>
    </ClInclude>
    <ClInclude Include="$(TouchGFXReleasePath)\framework\include\touchgfx\Texts.hpp">
      <Filter>Header Files\TouchGFX\touchgfx</Filter>
    </ClInclude>
    <ClInclude Include="$(TouchGFXReleasePath)\framework\include\touchgfx\TextureMapTypes.hpp">
      <Filter>Header Files\TouchGFX\touchgfx</Filter>
    </ClInclude>
    <ClInclude Include="$(TouchGFXReleasePath)\framework\include\touchgfx\transforms\DisplayTransformation.hpp">
      <Filter>Header Files\TouchGFX\touchgfx\transforms</Filter>
    </ClInclude>
    <ClInclude Include="$(TouchGFXReleasePath)\framework\include\touchgfx\transforms\TouchCalibration.hpp">
      <Filter>Header Files\TouchGFX\touchgfx\transforms</Filter>
    </ClInclude>
    <ClInclude Include="$(TouchGFXReleasePath)\framework\include\touchgfx\transitions\NoTransition.hpp">
      <Filter>Header Files\TouchGFX\touchgfx\transitions</Filter>
    </ClInclude>
    <ClInclude Include="$(TouchGFXReleasePath)\framework\include\touchgfx\transitions\SlideTransition.hpp">
      <Filter>Header Files\TouchGFX\touchgfx\transitions</Filter>
    </ClInclude>
    <ClInclude Include="$(TouchGFXReleasePath)\framework\include\touchgfx\transitions\Transition.hpp">
      <Filter>Header Files\TouchGFX\touchgfx\transitions</Filter>
    </ClInclude>
    <ClInclude Include="$(TouchGFXReleasePath)\framework\include\touchgfx\TypedText.hpp">
      <Filter>Header Files\TouchGFX\touchgfx</Filter>
    </ClInclude>
    <ClInclude Include="$(TouchGFXReleasePath)\framework\include\touchgfx\UIEventListener.hpp">
      <Filter>Header Files\TouchGFX\touchgfx</Filter>
    </ClInclude>
    <ClInclude Include="$(TouchGFXReleasePath)\framework\include\touchgfx\Unicode.hpp">
      <Filter>Header Files\TouchGFX\touchgfx</Filter>
    </ClInclude>
    <ClInclude Include="$(TouchGFXReleasePath)\framework\include\touchgfx\Utils.hpp">
      <Filter>Header Files\TouchGFX\touchgfx</Filter>
    </ClInclude>
    <ClInclude Include="$(TouchGFXReleasePath)\framework\include\touchgfx\widgets\AbstractButton.hpp">
      <Filter>Header Files\TouchGFX\touchgfx\widgets</Filter>
    </ClInclude>
    <ClInclude Include="$(TouchGFXReleasePath)\framework\include\touchgfx\widgets\AnimatedImage.hpp">
      <Filter>Header Files\TouchGFX\touchgfx\widgets</Filter>
    </ClInclude>
    <ClInclude Include="$(TouchGFXReleasePath)\framework\include\touchgfx\widgets\AnimationTextureMapper.hpp">
      <Filter>Header Files\TouchGFX\touchgfx\widgets</Filter>
    </ClInclude>
    <ClInclude Include="$(TouchGFXReleasePath)\framework\include\touchgfx\widgets\Box.hpp">
      <Filter>Header Files\TouchGFX\touchgfx\widgets</Filter>
    </ClInclude>
    <ClInclude Include="$(TouchGFXReleasePath)\framework\include\touchgfx\widgets\Button.hpp">
      <Filter>Header Files\TouchGFX\touchgfx\widgets</Filter>
    </ClInclude>
    <ClInclude Include="$(TouchGFXReleasePath)\framework\include\touchgfx\widgets\ButtonWithIcon.hpp">
      <Filter>Header Files\TouchGFX\touchgfx\widgets</Filter>
    </ClInclude>
    <ClInclude Include="$(TouchGFXReleasePath)\framework\include\touchgfx\widgets\ButtonWithLabel.hpp">
      <Filter>Header Files\TouchGFX\touchgfx\widgets</Filter>
    </ClInclude>
    <ClInclude Include="$(TouchGFXReleasePath)\framework\include\touchgfx\widgets\canvas\AbstractPainter.hpp">
      <Filter>Header Files\TouchGFX\touchgfx\widgets\canvas</Filter>
    </ClInclude>
    <ClInclude Include="$(TouchGFXReleasePath)\framework\include\touchgfx\widgets\canvas\AbstractPainterBW.hpp">
      <Filter>Header Files\TouchGFX\touchgfx\widgets\canvas</Filter>
    </ClInclude>
    <ClInclude Include="$(TouchGFXReleasePath)\framework\include\touchgfx\widgets\canvas\AbstractPainterGRAY2.hpp">
      <Filter>Header Files\TouchGFX\touchgfx\widgets\canvas</Filter>
    </ClInclude>
    <ClInclude Include="$(TouchGFXReleasePath)\framework\include\touchgfx\widgets\canvas\AbstractPainterGRAY4.hpp">
      <Filter>Header Files\TouchGFX\touchgfx\widgets\canvas</Filter>
    </ClInclude>
    <ClInclude Include="$(TouchGFXReleasePath)\framework\include\touchgfx\widgets\canvas\AbstractPainterRGB565.hpp">
      <Filter>Header Files\TouchGFX\touchgfx\widgets\canvas</Filter>
    </ClInclude>
    <ClInclude Include="$(TouchGFXReleasePath)\framework\include\touchgfx\widgets\canvas\AbstractPainterRGB888.hpp">
      <Filter>Header Files\TouchGFX\touchgfx\widgets\canvas</Filter>
    </ClInclude>
    <ClInclude Include="$(TouchGFXReleasePath)\framework\include\touchgfx\widgets\canvas\AbstractShape.hpp">
      <Filter>Header Files\TouchGFX\touchgfx\widgets\canvas</Filter>
    </ClInclude>
    <ClInclude Include="$(TouchGFXReleasePath)\framework\include\touchgfx\widgets\canvas\Canvas.hpp">
      <Filter>Header Files\TouchGFX\touchgfx\widgets\canvas</Filter>
    </ClInclude>
    <ClInclude Include="$(TouchGFXReleasePath)\framework\include\touchgfx\widgets\canvas\CanvasWidget.hpp">
      <Filter>Header Files\TouchGFX\touchgfx\widgets\canvas</Filter>
    </ClInclude>
    <ClInclude Include="$(TouchGFXReleasePath)\framework\include\touchgfx\widgets\canvas\Circle.hpp">
      <Filter>Header Files\TouchGFX\touchgfx\widgets\canvas</Filter>
    </ClInclude>
    <ClInclude Include="$(TouchGFXReleasePath)\framework\include\touchgfx\widgets\canvas\CWRUtil.hpp">
      <Filter>Header Files\TouchGFX\touchgfx\widgets\canvas</Filter>
    </ClInclude>
    <ClInclude Include="$(TouchGFXReleasePath)\framework\include\touchgfx\widgets\canvas\Line.hpp">
      <Filter>Header Files\TouchGFX\touchgfx\widgets\canvas</Filter>
    </ClInclude>
    <ClInclude Include="$(TouchGFXReleasePath)\framework\include\touchgfx\widgets\canvas\PainterBW.hpp">
      <Filter>Header Files\TouchGFX\touchgfx\widgets\canvas</Filter>
    </ClInclude>
    <ClInclude Include="$(TouchGFXReleasePath)\framework\include\touchgfx\widgets\canvas\PainterGRAY2.hpp">
      <Filter>Header Files\TouchGFX\touchgfx\widgets\canvas</Filter>
    </ClInclude>
    <ClInclude Include="$(TouchGFXReleasePath)\framework\include\touchgfx\widgets\canvas\PainterGRAY2Bitmap.hpp">
      <Filter>Header Files\TouchGFX\touchgfx\widgets\canvas</Filter>
    </ClInclude>
    <ClInclude Include="$(TouchGFXReleasePath)\framework\include\touchgfx\widgets\canvas\PainterGRAY4.hpp">
      <Filter>Header Files\TouchGFX\touchgfx\widgets\canvas</Filter>
    </ClInclude>
    <ClInclude Include="$(TouchGFXReleasePath)\framework\include\touchgfx\widgets\canvas\PainterGRAY4Bitmap.hpp">
      <Filter>Header Files\TouchGFX\touchgfx\widgets\canvas</Filter>
    </ClInclude>
    <ClInclude Include="$(TouchGFXReleasePath)\framework\include\touchgfx\widgets\canvas\PainterRGB565.hpp">
      <Filter>Header Files\TouchGFX\touchgfx\widgets\canvas</Filter>
    </ClInclude>
    <ClInclude Include="$(TouchGFXReleasePath)\framework\include\touchgfx\widgets\canvas\PainterRGB565Bitmap.hpp">
      <Filter>Header Files\TouchGFX\touchgfx\widgets\canvas</Filter>
    </ClInclude>
    <ClInclude Include="$(TouchGFXReleasePath)\framework\include\touchgfx\widgets\canvas\PainterRGB888.hpp">
      <Filter>Header Files\TouchGFX\touchgfx\widgets\canvas</Filter>
    </ClInclude>
    <ClInclude Include="$(TouchGFXReleasePath)\framework\include\touchgfx\widgets\canvas\PainterRGB888Bitmap.hpp">
      <Filter>Header Files\TouchGFX\touchgfx\widgets\canvas</Filter>
    </ClInclude>
    <ClInclude Include="$(TouchGFXReleasePath)\framework\include\touchgfx\widgets\canvas\Shape.hpp">
      <Filter>Header Files\TouchGFX\touchgfx\widgets\canvas</Filter>
    </ClInclude>
    <ClInclude Include="$(TouchGFXReleasePath)\framework\include\touchgfx\widgets\Image.hpp">
      <Filter>Header Files\TouchGFX\touchgfx\widgets</Filter>
    </ClInclude>
    <ClInclude Include="$(TouchGFXReleasePath)\framework\include\touchgfx\widgets\Keyboard.hpp">
      <Filter>Header Files\TouchGFX\touchgfx\widgets</Filter>
    </ClInclude>
    <ClInclude Include="$(TouchGFXReleasePath)\framework\include\touchgfx\widgets\PixelDataWidget.hpp">
      <Filter>Header Files\TouchGFX\touchgfx\widgets</Filter>
    </ClInclude>
    <ClInclude Include="$(TouchGFXReleasePath)\framework\include\touchgfx\widgets\RadioButton.hpp">
      <Filter>Header Files\TouchGFX\touchgfx\widgets</Filter>
    </ClInclude>
    <ClInclude Include="$(TouchGFXReleasePath)\framework\include\touchgfx\widgets\RadioButtonGroup.hpp">
      <Filter>Header Files\TouchGFX\touchgfx\widgets</Filter>
    </ClInclude>
    <ClInclude Include="$(TouchGFXReleasePath)\framework\include\touchgfx\widgets\RepeatButton.hpp">
      <Filter>Header Files\TouchGFX\touchgfx\widgets</Filter>
    </ClInclude>
    <ClInclude Include="$(TouchGFXReleasePath)\framework\include\touchgfx\widgets\ScalableImage.hpp">
      <Filter>Header Files\TouchGFX\touchgfx\widgets</Filter>
    </ClInclude>
    <ClInclude Include="$(TouchGFXReleasePath)\framework\include\touchgfx\widgets\SnapshotWidget.hpp">
      <Filter>Header Files\TouchGFX\touchgfx\widgets</Filter>
    </ClInclude>
    <ClInclude Include="$(TouchGFXReleasePath)\framework\include\touchgfx\widgets\TextArea.hpp">
      <Filter>Header Files\TouchGFX\touchgfx\widgets</Filter>
    </ClInclude>
    <ClInclude Include="$(TouchGFXReleasePath)\framework\include\touchgfx\widgets\TextAreaWithWildcard.hpp">
      <Filter>Header Files\TouchGFX\touchgfx\widgets</Filter>
    </ClInclude>
    <ClInclude Include="$(TouchGFXReleasePath)\framework\include\touchgfx\widgets\TextureMapper.hpp">
      <Filter>Header Files\TouchGFX\touchgfx\widgets</Filter>
    </ClInclude>
    <ClInclude Include="$(TouchGFXReleasePath)\framework\include\touchgfx\widgets\TiledImage.hpp">
      <Filter>Header Files\TouchGFX\touchgfx\widgets</Filter>
    </ClInclude>
    <ClInclude Include="$(TouchGFXReleasePath)\framework\include\touchgfx\widgets\ToggleButton.hpp">
      <Filter>Header Files\TouchGFX\touchgfx\widgets</Filter>
    </ClInclude>
    <ClInclude Include="$(TouchGFXReleasePath)\framework\include\touchgfx\widgets\TouchArea.hpp">
      <Filter>Header Files\TouchGFX\touchgfx\widgets</Filter>
    </ClInclude>
    <ClInclude Include="$(TouchGFXReleasePath)\framework\include\touchgfx\widgets\Widget.hpp">
      <Filter>Header Files\TouchGFX\touchgfx\widgets</Filter>
    </ClInclude>
    <ClInclude Include="$(ApplicationRoot)\generated\simulator\include\simulator\mainBase.hpp">
      <Filter>Header Files\generated\simulator</Filter>
    </ClInclude>
    <ClInclude Include="..\..\generated\simulator\include\simulator\video\DirectFrameBufferVideoController.hpp">
      <Filter>Header Files\generated\simulator\include\simulator\video</Filter>
    </ClInclude>
    <ClInclude Include="..\..\gui\include\gui\common\FrontendApplication.hpp">
      <Filter>Header Files\gui\common</Filter>
    </ClInclude>
    <ClInclude Include="..\..\generated\gui_generated\include\gui_generated\common\FrontendApplicationBase.hpp">
      <Filter>Header Files\generated\gui_generated\common</Filter>
    </ClInclude>
    <ClInclude Include="..\..\gui\include\gui\common\FrontendHeap.hpp">
      <Filter>Header Files\gui\common</Filter>
    </ClInclude>
    <ClInclude Include="..\..\generated\gui_generated\include\gui_generated\common\FrontendHeapBase.hpp">
      <Filter>Header Files\generated\gui_generated\common</Filter>
    </ClInclude>
    <ClInclude Include="..\..\generated\simulator\include\simulator\video\MJPEGDecoder.hpp">
      <Filter>Header Files\generated\simulator\include\simulator\video</Filter>
    </ClInclude>
    <ClInclude Include="..\..\gui\include\gui\model\Model.hpp">
      <Filter>Header Files\gui\model</Filter>
    </ClInclude>
    <ClInclude Include="..\..\gui\include\gui\model\ModelListener.hpp">
      <Filter>Header Files\gui\model</Filter>
    </ClInclude>
    <ClInclude Include="..\..\generated\gui_generated\include\gui_generated\common\SimConstants.hpp">
      <Filter>Header Files\generated\gui_generated\common</Filter>
    </ClInclude>
    <ClInclude Include="..\..\generated\simulator\include\simulator\video\SoftwareMJPEGDecoder.hpp">
      <Filter>Header Files\generated\simulator\include\simulator\video</Filter>
    </ClInclude>
    <ClInclude Include="..\..\gui\include\gui\easyscreen_screen\EasyScreenPresenter.hpp">
      <Filter>Header Files\gui\easyscreen_screen</Filter>
    </ClInclude>
    <ClInclude Include="..\..\gui\include\gui\easyscreen_screen\EasyScreenView.hpp">
      <Filter>Header Files\gui\easyscreen_screen</Filter>
    </ClInclude>
    <ClInclude Include="..\..\generated\gui_generated\include\gui_generated\easyscreen_screen\EasyScreenViewBase.hpp">
      <Filter>Header Files\generated\gui_generated\easyscreen_screen</Filter>
    </ClInclude>
    <ClInclude Include="..\..\gui\include\gui\endscreen_screen\EndScreenPresenter.hpp">
      <Filter>Header Files\gui\endscreen_screen</Filter>
    </ClInclude>
    <ClInclude Include="..\..\gui\include\gui\endscreen_screen\EndScreenView.hpp">
      <Filter>Header Files\gui\endscreen_screen</Filter>
    </ClInclude>
    <ClInclude Include="..\..\generated\gui_generated\include\gui_generated\endscreen_screen\EndScreenViewBase.hpp">
      <Filter>Header Files\generated\gui_generated\endscreen_screen</Filter>
    </ClInclude>
    <ClInclude Include="..\..\gui\include\gui\mediumscreen_screen\MediumScreenPresenter.hpp">
      <Filter>Header Files\gui\mediumscreen_screen</Filter>
    </ClInclude>
    <ClInclude Include="..\..\gui\include\gui\mediumscreen_screen\MediumScreenView.hpp">
      <Filter>Header Files\gui\mediumscreen_screen</Filter>
    </ClInclude>
    <ClInclude Include="..\..\generated\gui_generated\include\gui_generated\mediumscreen_screen\MediumScreenViewBase.hpp">
      <Filter>Header Files\generated\gui_generated\mediumscreen_screen</Filter>
    </ClInclude>
    <ClInclude Include="..\..\gui\include\gui\startscreen_screen\StartScreenPresenter.hpp">
      <Filter>Header Files\gui\startscreen_screen</Filter>
    </ClInclude>
    <ClInclude Include="..\..\gui\include\gui\startscreen_screen\StartScreenView.hpp">
      <Filter>Header Files\gui\startscreen_screen</Filter>
    </ClInclude>
    <ClInclude Include="..\..\generated\gui_generated\include\gui_generated\startscreen_screen\StartScreenViewBase.hpp">
      <Filter>Header Files\generated\gui_generated\startscreen_screen</Filter>
    </ClInclude>
    <ClInclude Include="..\..\gui\include\gui\hardscreen_screen\HardScreenPresenter.hpp">
      <Filter>Header Files\gui\hardscreen_screen</Filter>
    </ClInclude>
    <ClInclude Include="..\..\gui\include\gui\hardscreen_screen\HardScreenView.hpp">
      <Filter>Header Files\gui\hardscreen_screen</Filter>
    </ClInclude>
    <ClInclude Include="..\..\generated\gui_generated\include\gui_generated\hardscreen_screen\HardScreenViewBase.hpp">
      <Filter>Header Files\generated\gui_generated\hardscreen_screen</Filter>
    </ClInclude>
    <ClInclude Include="..\..\gui\include\gui\easyreadyscreen_screen\EasyReadyScreenPresenter.hpp">
      <Filter>Header Files\gui\easyreadyscreen_screen</Filter>
    </ClInclude>
    <ClInclude Include="..\..\gui\include\gui\easyreadyscreen_screen\EasyReadyScreenView.hpp">
      <Filter>Header Files\gui\easyreadyscreen_screen</Filter>
    </ClInclude>
    <ClInclude Include="..\..\generated\gui_generated\include\gui_generated\easyreadyscreen_screen\EasyReadyScreenViewBase.hpp">
      <Filter>Header Files\generated\gui_generated\easyreadyscreen_screen</Filter>
    </ClInclude>
    <ClInclude Include="..\..\gui\include\gui\hardreadyscreen_screen\HardReadyScreenPresenter.hpp">
      <Filter>Header Files\gui\hardreadyscreen_screen</Filter>
    </ClInclude>
    <ClInclude Include="..\..\gui\include\gui\hardreadyscreen_screen\HardReadyScreenView.hpp">
      <Filter>Header Files\gui\hardreadyscreen_screen</Filter>
    </ClInclude>
    <ClInclude Include="..\..\generated\gui_generated\include\gui_generated\hardreadyscreen_screen\HardReadyScreenViewBase.hpp">
      <Filter>Header Files\generated\gui_generated\hardreadyscreen_screen</Filter>
    </ClInclude>
    <ClInclude Include="..\..\gui\include\gui\mediumreadyscreen_screen\MediumReadyScreenPresenter.hpp">
      <Filter>Header Files\gui\mediumreadyscreen_screen</Filter>
    </ClInclude>
    <ClInclude Include="..\..\gui\include\gui\mediumreadyscreen_screen\MediumReadyScreenView.hpp">
      <Filter>Header Files\gui\mediumreadyscreen_screen</Filter>
    </ClInclude>
    <ClInclude Include="..\..\generated\gui_generated\include\gui_generated\mediumreadyscreen_screen\MediumReadyScreenViewBase.hpp">
      <Filter>Header Files\generated\gui_generated\mediumreadyscreen_screen</Filter>
    </ClInclude>
  </ItemGroup>
  <ItemGroup>
    <ResourceCompile Include="$(ApplicationRoot)\generated\simulator\touchgfx.rc">
      <Filter>Resource Files</Filter>
    </ResourceCompile>
  </ItemGroup>
</Project>
